
Microsoft Visual Studio Solution File, Format Version 12.00
# Visual Studio Version 17
VisualStudioVersion = 17.4.33213.308
MinimumVisualStudioVersion = 10.0.40219.1
Project("{FAE04EC0-301F-11D3-BF4B-00C04F79EFBC}") = "ToDoList", "ToDoList\ToDoList.csproj", "{FCC28B99-6067-420E-BC4E-0065BEB995C7}"
EndProject
Global
	GlobalSection(SolutionConfigurationPlatforms) = preSolution
		Debug|Any CPU = Debug|Any CPU
		Release|Any CPU = Release|Any CPU
	EndGlobalSection
	GlobalSection(ProjectConfigurationPlatforms) = postSolution
		{FCC28B99-6067-420E-BC4E-0065BEB995C7}.Debug|Any CPU.ActiveCfg = Debug|Any CPU
		{FCC28B99-6067-420E-BC4E-0065BEB995C7}.Debug|Any CPU.Build.0 = Debug|Any CPU
		{FCC28B99-6067-420E-BC4E-0065BEB995C7}.Release|Any CPU.ActiveCfg = Release|Any CPU
		{FCC28B99-6067-420E-BC4E-0065BEB995C7}.Release|Any CPU.Build.0 = Release|Any CPU
	EndGlobalSection
	GlobalSection(SolutionProperties) = preSolution
		HideSolutionNode = FALSE
	EndGlobalSection
	GlobalSection(ExtensibilityGlobals) = postSolution
		SolutionGuid = {27F7AA69-8500-41F0-9D1F-ABE741A92598}
	EndGlobalSection
EndGlobal
